
Microsoft Visual Studio Solution File, Format Version 12.00
# Visual Studio Version 17
VisualStudioVersion = 17.11.35303.130
MinimumVisualStudioVersion = 10.0.40219.1
Project("{F184B08F-C81C-45F6-A57F-5ABD9991F28F}") = "ComicConvention", "ComicConvention.vbproj", "{5461242C-7780-442F-8896-32C38CBC8337}"
EndProject
Global
	GlobalSection(SolutionConfigurationPlatforms) = preSolution
		Debug|Any CPU = Debug|Any CPU
		Release|Any CPU = Release|Any CPU
	EndGlobalSection
	GlobalSection(ProjectConfigurationPlatforms) = postSolution
		{5461242C-7780-442F-8896-32C38CBC8337}.Debug|Any CPU.ActiveCfg = Debug|Any CPU
		{5461242C-7780-442F-8896-32C38CBC8337}.Debug|Any CPU.Build.0 = Debug|Any CPU
		{5461242C-7780-442F-8896-32C38CBC8337}.Release|Any CPU.ActiveCfg = Release|Any CPU
		{5461242C-7780-442F-8896-32C38CBC8337}.Release|Any CPU.Build.0 = Release|Any CPU
	EndGlobalSection
	GlobalSection(SolutionProperties) = preSolution
		HideSolutionNode = FALSE
	EndGlobalSection
	GlobalSection(ExtensibilityGlobals) = postSolution
		SolutionGuid = {4444CDEF-4E09-4EDD-9E94-B2AD8C07828D}
	EndGlobalSection
EndGlobal
